
Microsoft Visual Studio Solution File, Format Version 12.00
# Visual Studio 15
VisualStudioVersion = 15.0.28010.2041
MinimumVisualStudioVersion = 10.0.40219.1
Project("{8BC9CEB8-8B4A-11D0-8D11-00A0C91BC942}") = "Fraction", "Fraction\Fraction.vcxproj", "{43FD2C3B-10FD-4F77-A982-FF9D7AB85B48}"
EndProject
Project("{8BC9CEB8-8B4A-11D0-8D11-00A0C91BC942}") = "Fraction_Test", "Fraction_Test\UnitTest3.vcxproj", "{28397FAF-9805-4257-9555-8354168BA535}"
EndProject
Global
	GlobalSection(SolutionConfigurationPlatforms) = preSolution
		Debug|x64 = Debug|x64
		Debug|x86 = Debug|x86
		Release|x64 = Release|x64
		Release|x86 = Release|x86
	EndGlobalSection
	GlobalSection(ProjectConfigurationPlatforms) = postSolution
		{43FD2C3B-10FD-4F77-A982-FF9D7AB85B48}.Debug|x64.ActiveCfg = Debug|x64
		{43FD2C3B-10FD-4F77-A982-FF9D7AB85B48}.Debug|x64.Build.0 = Debug|x64
		{43FD2C3B-10FD-4F77-A982-FF9D7AB85B48}.Debug|x86.ActiveCfg = Debug|Win32
		{43FD2C3B-10FD-4F77-A982-FF9D7AB85B48}.Debug|x86.Build.0 = Debug|Win32
		{43FD2C3B-10FD-4F77-A982-FF9D7AB85B48}.Release|x64.ActiveCfg = Release|x64
		{43FD2C3B-10FD-4F77-A982-FF9D7AB85B48}.Release|x64.Build.0 = Release|x64
		{43FD2C3B-10FD-4F77-A982-FF9D7AB85B48}.Release|x86.ActiveCfg = Release|Win32
		{43FD2C3B-10FD-4F77-A982-FF9D7AB85B48}.Release|x86.Build.0 = Release|Win32
		{28397FAF-9805-4257-9555-8354168BA535}.Debug|x64.ActiveCfg = Debug|x64
		{28397FAF-9805-4257-9555-8354168BA535}.Debug|x64.Build.0 = Debug|x64
		{28397FAF-9805-4257-9555-8354168BA535}.Debug|x86.ActiveCfg = Debug|Win32
		{28397FAF-9805-4257-9555-8354168BA535}.Debug|x86.Build.0 = Debug|Win32
		{28397FAF-9805-4257-9555-8354168BA535}.Release|x64.ActiveCfg = Release|x64
		{28397FAF-9805-4257-9555-8354168BA535}.Release|x64.Build.0 = Release|x64
		{28397FAF-9805-4257-9555-8354168BA535}.Release|x86.ActiveCfg = Release|Win32
		{28397FAF-9805-4257-9555-8354168BA535}.Release|x86.Build.0 = Release|Win32
	EndGlobalSection
	GlobalSection(SolutionProperties) = preSolution
		HideSolutionNode = FALSE
	EndGlobalSection
	GlobalSection(ExtensibilityGlobals) = postSolution
		SolutionGuid = {26F53F21-09B1-46F0-BBA6-1250AB613D65}
	EndGlobalSection
EndGlobal
