
Microsoft Visual Studio Solution File, Format Version 12.00
# Visual Studio 15
VisualStudioVersion = 15.0.28010.2041
MinimumVisualStudioVersion = 10.0.40219.1
Project("{8BC9CEB8-8B4A-11D0-8D11-00A0C91BC942}") = "UnitTestPnumber", "UnitTestPnumber\UnitTestPnumber.vcxproj", "{881C202C-E50C-40CE-A845-8AFB46A2B5B6}"
EndProject
Global
	GlobalSection(SolutionConfigurationPlatforms) = preSolution
		Debug|x64 = Debug|x64
		Debug|x86 = Debug|x86
		Release|x64 = Release|x64
		Release|x86 = Release|x86
	EndGlobalSection
	GlobalSection(ProjectConfigurationPlatforms) = postSolution
		{881C202C-E50C-40CE-A845-8AFB46A2B5B6}.Debug|x64.ActiveCfg = Debug|x64
		{881C202C-E50C-40CE-A845-8AFB46A2B5B6}.Debug|x64.Build.0 = Debug|x64
		{881C202C-E50C-40CE-A845-8AFB46A2B5B6}.Debug|x86.ActiveCfg = Debug|Win32
		{881C202C-E50C-40CE-A845-8AFB46A2B5B6}.Debug|x86.Build.0 = Debug|Win32
		{881C202C-E50C-40CE-A845-8AFB46A2B5B6}.Release|x64.ActiveCfg = Release|x64
		{881C202C-E50C-40CE-A845-8AFB46A2B5B6}.Release|x64.Build.0 = Release|x64
		{881C202C-E50C-40CE-A845-8AFB46A2B5B6}.Release|x86.ActiveCfg = Release|Win32
		{881C202C-E50C-40CE-A845-8AFB46A2B5B6}.Release|x86.Build.0 = Release|Win32
	EndGlobalSection
	GlobalSection(SolutionProperties) = preSolution
		HideSolutionNode = FALSE
	EndGlobalSection
	GlobalSection(ExtensibilityGlobals) = postSolution
		SolutionGuid = {A259CADB-A566-488E-90B5-95285C5DED54}
	EndGlobalSection
EndGlobal
